
Microsoft Visual Studio Solution File, Format Version 12.00
# Visual Studio Version 17
VisualStudioVersion = 17.0.31903.59
MinimumVisualStudioVersion = 10.0.40219.1
Project("{2150E333-8FDC-42A3-9474-1A3956D46DE8}") = "src", "src", "{827E0CD3-B72D-47B6-A68D-7590B98EB39B}"
EndProject
Project("{FAE04EC0-301F-11D3-BF4B-00C04F79EFBC}") = "Depenk.Core", "src\Depenk.Core\Depenk.Core.csproj", "{BD582FF8-A0B5-441B-8E7F-1B0A9BFE5860}"
EndProject
Project("{FAE04EC0-301F-11D3-BF4B-00C04F79EFBC}") = "Depenk.Scanning", "src\Depenk.Scanning\Depenk.Scanning.csproj", "{3965019C-D792-42FD-9786-FBC2896CB0D3}"
EndProject
Project("{FAE04EC0-301F-11D3-BF4B-00C04F79EFBC}") = "Depenk.Analysis", "src\Depenk.Analysis\Depenk.Analysis.csproj", "{745A5783-04E2-49EE-BD15-2C1EBF37F14E}"
EndProject
Project("{FAE04EC0-301F-11D3-BF4B-00C04F79EFBC}") = "depenk", "src\depenk\depenk.csproj", "{ED8F2435-1D20-4DEF-BEC5-5BCAE691242A}"
EndProject
Project("{FAE04EC0-301F-11D3-BF4B-00C04F79EFBC}") = "Depenk.Tests", "tests\Depenk.Tests\Depenk.Tests.csproj", "{F9933021-E1DD-4949-BD8E-590000C681B6}"
EndProject
Project("{FAE04EC0-301F-11D3-BF4B-00C04F79EFBC}") = "Depenk.Query", "src\Depenk.Query\Depenk.Query.csproj", "{BF8D7223-8115-432E-ADC5-3CC2E0744426}"
EndProject
Global
	GlobalSection(SolutionConfigurationPlatforms) = preSolution
		Debug|Any CPU = Debug|Any CPU
		Debug|x64 = Debug|x64
		Debug|x86 = Debug|x86
		Release|Any CPU = Release|Any CPU
		Release|x64 = Release|x64
		Release|x86 = Release|x86
	EndGlobalSection
	GlobalSection(ProjectConfigurationPlatforms) = postSolution
		{BD582FF8-A0B5-441B-8E7F-1B0A9BFE5860}.Debug|Any CPU.ActiveCfg = Debug|Any CPU
		{BD582FF8-A0B5-441B-8E7F-1B0A9BFE5860}.Debug|Any CPU.Build.0 = Debug|Any CPU
		{BD582FF8-A0B5-441B-8E7F-1B0A9BFE5860}.Debug|x64.ActiveCfg = Debug|Any CPU
		{BD582FF8-A0B5-441B-8E7F-1B0A9BFE5860}.Debug|x64.Build.0 = Debug|Any CPU
		{BD582FF8-A0B5-441B-8E7F-1B0A9BFE5860}.Debug|x86.ActiveCfg = Debug|Any CPU
		{BD582FF8-A0B5-441B-8E7F-1B0A9BFE5860}.Debug|x86.Build.0 = Debug|Any CPU
		{BD582FF8-A0B5-441B-8E7F-1B0A9BFE5860}.Release|Any CPU.ActiveCfg = Release|Any CPU
		{BD582FF8-A0B5-441B-8E7F-1B0A9BFE5860}.Release|Any CPU.Build.0 = Release|Any CPU
		{BD582FF8-A0B5-441B-8E7F-1B0A9BFE5860}.Release|x64.ActiveCfg = Release|Any CPU
		{BD582FF8-A0B5-441B-8E7F-1B0A9BFE5860}.Release|x64.Build.0 = Release|Any CPU
		{BD582FF8-A0B5-441B-8E7F-1B0A9BFE5860}.Release|x86.ActiveCfg = Release|Any CPU
		{BD582FF8-A0B5-441B-8E7F-1B0A9BFE5860}.Release|x86.Build.0 = Release|Any CPU
		{3965019C-D792-42FD-9786-FBC2896CB0D3}.Debug|Any CPU.ActiveCfg = Debug|Any CPU
		{3965019C-D792-42FD-9786-FBC2896CB0D3}.Debug|Any CPU.Build.0 = Debug|Any CPU
		{3965019C-D792-42FD-9786-FBC2896CB0D3}.Debug|x64.ActiveCfg = Debug|Any CPU
		{3965019C-D792-42FD-9786-FBC2896CB0D3}.Debug|x64.Build.0 = Debug|Any CPU
		{3965019C-D792-42FD-9786-FBC2896CB0D3}.Debug|x86.ActiveCfg = Debug|Any CPU
		{3965019C-D792-42FD-9786-FBC2896CB0D3}.Debug|x86.Build.0 = Debug|Any CPU
		{3965019C-D792-42FD-9786-FBC2896CB0D3}.Release|Any CPU.ActiveCfg = Release|Any CPU
		{3965019C-D792-42FD-9786-FBC2896CB0D3}.Release|Any CPU.Build.0 = Release|Any CPU
		{3965019C-D792-42FD-9786-FBC2896CB0D3}.Release|x64.ActiveCfg = Release|Any CPU
		{3965019C-D792-42FD-9786-FBC2896CB0D3}.Release|x64.Build.0 = Release|Any CPU
		{3965019C-D792-42FD-9786-FBC2896CB0D3}.Release|x86.ActiveCfg = Release|Any CPU
		{3965019C-D792-42FD-9786-FBC2896CB0D3}.Release|x86.Build.0 = Release|Any CPU
		{745A5783-04E2-49EE-BD15-2C1EBF37F14E}.Debug|Any CPU.ActiveCfg = Debug|Any CPU
		{745A5783-04E2-49EE-BD15-2C1EBF37F14E}.Debug|Any CPU.Build.0 = Debug|Any CPU
		{745A5783-04E2-49EE-BD15-2C1EBF37F14E}.Debug|x64.ActiveCfg = Debug|Any CPU
		{745A5783-04E2-49EE-BD15-2C1EBF37F14E}.Debug|x64.Build.0 = Debug|Any CPU
		{745A5783-04E2-49EE-BD15-2C1EBF37F14E}.Debug|x86.ActiveCfg = Debug|Any CPU
		{745A5783-04E2-49EE-BD15-2C1EBF37F14E}.Debug|x86.Build.0 = Debug|Any CPU
		{745A5783-04E2-49EE-BD15-2C1EBF37F14E}.Release|Any CPU.ActiveCfg = Release|Any CPU
		{745A5783-04E2-49EE-BD15-2C1EBF37F14E}.Release|Any CPU.Build.0 = Release|Any CPU
		{745A5783-04E2-49EE-BD15-2C1EBF37F14E}.Release|x64.ActiveCfg = Release|Any CPU
		{745A5783-04E2-49EE-BD15-2C1EBF37F14E}.Release|x64.Build.0 = Release|Any CPU
		{745A5783-04E2-49EE-BD15-2C1EBF37F14E}.Release|x86.ActiveCfg = Release|Any CPU
		{745A5783-04E2-49EE-BD15-2C1EBF37F14E}.Release|x86.Build.0 = Release|Any CPU
		{ED8F2435-1D20-4DEF-BEC5-5BCAE691242A}.Debug|Any CPU.ActiveCfg = Debug|Any CPU
		{ED8F2435-1D20-4DEF-BEC5-5BCAE691242A}.Debug|Any CPU.Build.0 = Debug|Any CPU
		{ED8F2435-1D20-4DEF-BEC5-5BCAE691242A}.Debug|x64.ActiveCfg = Debug|Any CPU
		{ED8F2435-1D20-4DEF-BEC5-5BCAE691242A}.Debug|x64.Build.0 = Debug|Any CPU
		{ED8F2435-1D20-4DEF-BEC5-5BCAE691242A}.Debug|x86.ActiveCfg = Debug|Any CPU
		{ED8F2435-1D20-4DEF-BEC5-5BCAE691242A}.Debug|x86.Build.0 = Debug|Any CPU
		{ED8F2435-1D20-4DEF-BEC5-5BCAE691242A}.Release|Any CPU.ActiveCfg = Release|Any CPU
		{ED8F2435-1D20-4DEF-BEC5-5BCAE691242A}.Release|Any CPU.Build.0 = Release|Any CPU
		{ED8F2435-1D20-4DEF-BEC5-5BCAE691242A}.Release|x64.ActiveCfg = Release|Any CPU
		{ED8F2435-1D20-4DEF-BEC5-5BCAE691242A}.Release|x64.Build.0 = Release|Any CPU
		{ED8F2435-1D20-4DEF-BEC5-5BCAE691242A}.Release|x86.ActiveCfg = Release|Any CPU
		{ED8F2435-1D20-4DEF-BEC5-5BCAE691242A}.Release|x86.Build.0 = Release|Any CPU
		{F9933021-E1DD-4949-BD8E-590000C681B6}.Debug|Any CPU.ActiveCfg = Debug|Any CPU
		{F9933021-E1DD-4949-BD8E-590000C681B6}.Debug|Any CPU.Build.0 = Debug|Any CPU
		{F9933021-E1DD-4949-BD8E-590000C681B6}.Debug|x64.ActiveCfg = Debug|Any CPU
		{F9933021-E1DD-4949-BD8E-590000C681B6}.Debug|x64.Build.0 = Debug|Any CPU
		{F9933021-E1DD-4949-BD8E-590000C681B6}.Debug|x86.ActiveCfg = Debug|Any CPU
		{F9933021-E1DD-4949-BD8E-590000C681B6}.Debug|x86.Build.0 = Debug|Any CPU
		{F9933021-E1DD-4949-BD8E-590000C681B6}.Release|Any CPU.ActiveCfg = Release|Any CPU
		{F9933021-E1DD-4949-BD8E-590000C681B6}.Release|Any CPU.Build.0 = Release|Any CPU
		{F9933021-E1DD-4949-BD8E-590000C681B6}.Release|x64.ActiveCfg = Release|Any CPU
		{F9933021-E1DD-4949-BD8E-590000C681B6}.Release|x64.Build.0 = Release|Any CPU
		{F9933021-E1DD-4949-BD8E-590000C681B6}.Release|x86.ActiveCfg = Release|Any CPU
		{F9933021-E1DD-4949-BD8E-590000C681B6}.Release|x86.Build.0 = Release|Any CPU
		{BF8D7223-8115-432E-ADC5-3CC2E0744426}.Debug|Any CPU.ActiveCfg = Debug|Any CPU
		{BF8D7223-8115-432E-ADC5-3CC2E0744426}.Debug|Any CPU.Build.0 = Debug|Any CPU
		{BF8D7223-8115-432E-ADC5-3CC2E0744426}.Debug|x64.ActiveCfg = Debug|Any CPU
		{BF8D7223-8115-432E-ADC5-3CC2E0744426}.Debug|x64.Build.0 = Debug|Any CPU
		{BF8D7223-8115-432E-ADC5-3CC2E0744426}.Debug|x86.ActiveCfg = Debug|Any CPU
		{BF8D7223-8115-432E-ADC5-3CC2E0744426}.Debug|x86.Build.0 = Debug|Any CPU
		{BF8D7223-8115-432E-ADC5-3CC2E0744426}.Release|Any CPU.ActiveCfg = Release|Any CPU
		{BF8D7223-8115-432E-ADC5-3CC2E0744426}.Release|Any CPU.Build.0 = Release|Any CPU
		{BF8D7223-8115-432E-ADC5-3CC2E0744426}.Release|x64.ActiveCfg = Release|Any CPU
		{BF8D7223-8115-432E-ADC5-3CC2E0744426}.Release|x64.Build.0 = Release|Any CPU
		{BF8D7223-8115-432E-ADC5-3CC2E0744426}.Release|x86.ActiveCfg = Release|Any CPU
		{BF8D7223-8115-432E-ADC5-3CC2E0744426}.Release|x86.Build.0 = Release|Any CPU
	EndGlobalSection
	GlobalSection(SolutionProperties) = preSolution
		HideSolutionNode = FALSE
	EndGlobalSection
	GlobalSection(NestedProjects) = preSolution
		{BD582FF8-A0B5-441B-8E7F-1B0A9BFE5860} = {827E0CD3-B72D-47B6-A68D-7590B98EB39B}
		{3965019C-D792-42FD-9786-FBC2896CB0D3} = {827E0CD3-B72D-47B6-A68D-7590B98EB39B}
		{745A5783-04E2-49EE-BD15-2C1EBF37F14E} = {827E0CD3-B72D-47B6-A68D-7590B98EB39B}
		{ED8F2435-1D20-4DEF-BEC5-5BCAE691242A} = {827E0CD3-B72D-47B6-A68D-7590B98EB39B}
		{F9933021-E1DD-4949-BD8E-590000C681B6} = {827E0CD3-B72D-47B6-A68D-7590B98EB39B}
		{BF8D7223-8115-432E-ADC5-3CC2E0744426} = {827E0CD3-B72D-47B6-A68D-7590B98EB39B}
	EndGlobalSection
EndGlobal
